{
  "nodes": {
    "drduhConfig": {
      "flake": false,
      "locked": {
        "lastModified": 1724021581,
        "narHash": "sha256-f+ghj8qiljbHyIPZb6b2IAxxQU9GvbYpTdEEjSN9g8E=",
        "owner": "drduh",
        "repo": "config",
        "rev": "eedb4ecf4bb2b5fd71bb27768f76da0f2e2605c8",
        "type": "github"
      },
      "original": {
        "owner": "drduh",
        "repo": "config",
        "type": "github"
      }
    },
    "localConfig": {
      "flake": false,
      "locked": {
        "lastModified": 1709586285,
        "narHash": "sha256-nKJYCYUvshJyQ5eZBohViPJREIfPhfMI4qVpBGbxV4c=",
        "owner": "skewballfox",
        "repo": "live_config",
        "rev": "f5a1fb43f4a279cad4062f127fabf65686d9314d",
        "type": "github"
      },
      "original": {
        "owner": "skewballfox",
        "repo": "live_config",
        "type": "github"
      }
    },
    "nixpkgs": {
      "locked": {
        "lastModified": 1740339700,
        "narHash": "sha256-cbrw7EgQhcdFnu6iS3vane53bEagZQy/xyIkDWpCgVE=",
        "owner": "NixOS",
        "repo": "nixpkgs",
        "rev": "04ef94c4c1582fd485bbfdb8c4a8ba250e359195",
        "type": "github"
      },
      "original": {
        "owner": "NixOS",
        "ref": "nixos-24.11",
        "repo": "nixpkgs",
        "type": "github"
      }
    },
    "root": {
      "inputs": {
        "drduhConfig": "drduhConfig",
        "localConfig": "localConfig",
        "nixpkgs": "nixpkgs"
      }
    }
  },
  "root": "root",
  "version": 7
}
